<?xml version="1.0" encoding="utf-8"?>
<Project ToolsVersion="4.0" xmlns="http://schemas.microsoft.com/developer/msbuild/2003">
  <ItemGroup>
    <ClCompile Include="AABBCollider.cpp" />
    <ClCompile Include="Actor.cpp" />
    <ClCompile Include="ActorArray.cpp" />
    <ClCompile Include="Bullet.cpp" />
    <ClCompile Include="CircleCollider.cpp" />
    <ClCompile Include="Collider.cpp" />
    <ClCompile Include="Component.cpp" />
    <ClCompile Include="Enemy.cpp" />
    <ClCompile Include="EnemySpawnComponent.cpp" />
    <ClCompile Include="EnemySpawner.cpp" />
    <ClCompile Include="Engine.cpp" />
    <ClCompile Include="InputComponent.cpp" />
    <ClCompile Include="InputShotComponent.cpp" />
    <ClCompile Include="main.cpp" />
    <ClCompile Include="MainScene.cpp" />
    <ClCompile Include="MoveComponent.cpp" />
    <ClCompile Include="Player.cpp" />
    <ClCompile Include="PlayerLifeComponent.cpp" />
    <ClCompile Include="PlayerLives.cpp" />
    <ClCompile Include="PracticeScene.cpp" />
    <ClCompile Include="Scene.cpp" />
    <ClCompile Include="SpriteComponent.cpp" />
    <ClCompile Include="AutoShotComponent.cpp" />
    <ClCompile Include="Transform2D.cpp" />
    <ClCompile Include="UIText.cpp" />
    <ClCompile Include="ScoreComponent.cpp" />
    <ClCompile Include="ScoreManager.cpp" />
  </ItemGroup>
  <ItemGroup>
    <ClInclude Include="AABBCollider.h" />
    <ClInclude Include="Actor.h" />
    <ClInclude Include="ActorArray.h" />
    <ClInclude Include="Bullet.h" />
    <ClInclude Include="CircleCollider.h" />
    <ClInclude Include="Collider.h" />
    <ClInclude Include="Component.h" />
    <ClInclude Include="Enemy.h" />
    <ClInclude Include="EnemySpawnComponent.h" />
    <ClInclude Include="EnemySpawner.h" />
    <ClInclude Include="Engine.h" />
    <ClInclude Include="InputComponent.h" />
    <ClInclude Include="InputShotComponent.h" />
    <ClInclude Include="MainScene.h" />
    <ClInclude Include="MoveComponent.h" />
    <ClInclude Include="Player.h" />
    <ClInclude Include="PlayerLifeComponent.h" />
    <ClInclude Include="PlayerLives.h" />
    <ClInclude Include="PracticeScene.h" />
    <ClInclude Include="Scene.h" />
    <ClInclude Include="SpriteComponent.h" />
    <ClInclude Include="AutoShotComponent.h" />
    <ClInclude Include="Transform2D.h" />
    <ClInclude Include="UIText.h" />
    <ClInclude Include="ScoreComponent.h" />
    <ClInclude Include="ScoreManager.h" />
  </ItemGroup>
</Project>